
Microsoft Visual Studio Solution File, Format Version 12.00
# Visual Studio Version 17
VisualStudioVersion = 17.5.33414.496
MinimumVisualStudioVersion = 10.0.40219.1
Project("{FAE04EC0-301F-11D3-BF4B-00C04F79EFBC}") = "ControleFinanceiro.Api", "ControleFinanceiro.Api\ControleFinanceiro.Api.csproj", "{3086B5EA-B2C9-16AD-D021-DC207F874791}"
EndProject
Project("{FAE04EC0-301F-11D3-BF4B-00C04F79EFBC}") = "ControleFinanceiro.Data", "ControleFinanceiro.Data\ControleFinanceiro.Data.csproj", "{80F81DE4-C1C9-7900-3BF1-110749D1CD91}"
EndProject
Project("{FAE04EC0-301F-11D3-BF4B-00C04F79EFBC}") = "ControleFinanceiro.Domain", "ControleFinanceiro.Domain\ControleFinanceiro.Domain.csproj", "{2AFA133B-D64E-DD2B-D839-912B4FC3B9F7}"
EndProject
Project("{FAE04EC0-301F-11D3-BF4B-00C04F79EFBC}") = "ControleFinanceiro.Service", "ControleFinanceiro.Service\ControleFinanceiro.Service.csproj", "{CC857BD6-8FE9-C58C-B9FE-6DCB59C24827}"
EndProject
Project("{2150E333-8FDC-42A3-9474-1A3956D46DE8}") = "Solution Items", "Solution Items", "{8EC462FD-D22E-90A8-E5CE-7E832BA40C5D}"
	ProjectSection(SolutionItems) = preProject
		ControleFinanceiro.Tests\ControleFinanceiro.Tests.csproj = ControleFinanceiro.Tests\ControleFinanceiro.Tests.csproj
	EndProjectSection
EndProject
Global
	GlobalSection(SolutionConfigurationPlatforms) = preSolution
		Debug|Any CPU = Debug|Any CPU
		Release|Any CPU = Release|Any CPU
	EndGlobalSection
	GlobalSection(ProjectConfigurationPlatforms) = postSolution
		{3086B5EA-B2C9-16AD-D021-DC207F874791}.Debug|Any CPU.ActiveCfg = Debug|Any CPU
		{3086B5EA-B2C9-16AD-D021-DC207F874791}.Debug|Any CPU.Build.0 = Debug|Any CPU
		{3086B5EA-B2C9-16AD-D021-DC207F874791}.Release|Any CPU.ActiveCfg = Release|Any CPU
		{3086B5EA-B2C9-16AD-D021-DC207F874791}.Release|Any CPU.Build.0 = Release|Any CPU
		{80F81DE4-C1C9-7900-3BF1-110749D1CD91}.Debug|Any CPU.ActiveCfg = Debug|Any CPU
		{80F81DE4-C1C9-7900-3BF1-110749D1CD91}.Debug|Any CPU.Build.0 = Debug|Any CPU
		{80F81DE4-C1C9-7900-3BF1-110749D1CD91}.Release|Any CPU.ActiveCfg = Release|Any CPU
		{80F81DE4-C1C9-7900-3BF1-110749D1CD91}.Release|Any CPU.Build.0 = Release|Any CPU
		{2AFA133B-D64E-DD2B-D839-912B4FC3B9F7}.Debug|Any CPU.ActiveCfg = Debug|Any CPU
		{2AFA133B-D64E-DD2B-D839-912B4FC3B9F7}.Debug|Any CPU.Build.0 = Debug|Any CPU
		{2AFA133B-D64E-DD2B-D839-912B4FC3B9F7}.Release|Any CPU.ActiveCfg = Release|Any CPU
		{2AFA133B-D64E-DD2B-D839-912B4FC3B9F7}.Release|Any CPU.Build.0 = Release|Any CPU
		{CC857BD6-8FE9-C58C-B9FE-6DCB59C24827}.Debug|Any CPU.ActiveCfg = Debug|Any CPU
		{CC857BD6-8FE9-C58C-B9FE-6DCB59C24827}.Debug|Any CPU.Build.0 = Debug|Any CPU
		{CC857BD6-8FE9-C58C-B9FE-6DCB59C24827}.Release|Any CPU.ActiveCfg = Release|Any CPU
		{CC857BD6-8FE9-C58C-B9FE-6DCB59C24827}.Release|Any CPU.Build.0 = Release|Any CPU
	EndGlobalSection
	GlobalSection(SolutionProperties) = preSolution
		HideSolutionNode = FALSE
	EndGlobalSection
	GlobalSection(ExtensibilityGlobals) = postSolution
		SolutionGuid = {A4097A4A-40AB-4C35-B0AA-FC0A5FE4C3B0}
	EndGlobalSection
EndGlobal
