
Microsoft Visual Studio Solution File, Format Version 12.00
# Visual Studio Version 17
VisualStudioVersion = 17.5.33414.496
MinimumVisualStudioVersion = 10.0.40219.1
Project("{FAE04EC0-301F-11D3-BF4B-00C04F79EFBC}") = "ControleFinanceiro.Api", "ControleFinanceiro.Api\ControleFinanceiro.Api.csproj", "{A45A1379-0ECB-4C38-9719-0A10AF293AB8}"
EndProject
Project("{FAE04EC0-301F-11D3-BF4B-00C04F79EFBC}") = "ControleFinanceiro.Data", "ControleFinanceiro.Data\ControleFinanceiro.Data.csproj", "{A4CFB7C6-287C-48E2-B840-9EEA56BDFB9A}"
EndProject
Project("{FAE04EC0-301F-11D3-BF4B-00C04F79EFBC}") = "ControleFinanceiro.Domain", "ControleFinanceiro.Domain\ControleFinanceiro.Domain.csproj", "{08E5C6AE-15D3-46C4-B882-E4136E912A4B}"
EndProject
Project("{FAE04EC0-301F-11D3-BF4B-00C04F79EFBC}") = "ControleFinanceiro.Service", "ControleFinanceiro.Service\ControleFinanceiro.Service.csproj", "{63E309AB-0C6B-4382-A8EC-0F9734077995}"
EndProject
Project("{FAE04EC0-301F-11D3-BF4B-00C04F79EFBC}") = "ControleFinanceiro.Tests", "ControleFinanceiro.Tests\ControleFinanceiro.Tests.csproj", "{BC4AA4FE-F42F-42A2-8143-FE90A437AEC0}"
EndProject
Global
	GlobalSection(SolutionConfigurationPlatforms) = preSolution
		Debug|Any CPU = Debug|Any CPU
		Release|Any CPU = Release|Any CPU
	EndGlobalSection
	GlobalSection(ProjectConfigurationPlatforms) = postSolution
		{A45A1379-0ECB-4C38-9719-0A10AF293AB8}.Debug|Any CPU.ActiveCfg = Debug|Any CPU
		{A45A1379-0ECB-4C38-9719-0A10AF293AB8}.Debug|Any CPU.Build.0 = Debug|Any CPU
		{A45A1379-0ECB-4C38-9719-0A10AF293AB8}.Release|Any CPU.ActiveCfg = Release|Any CPU
		{A45A1379-0ECB-4C38-9719-0A10AF293AB8}.Release|Any CPU.Build.0 = Release|Any CPU
		{A4CFB7C6-287C-48E2-B840-9EEA56BDFB9A}.Debug|Any CPU.ActiveCfg = Debug|Any CPU
		{A4CFB7C6-287C-48E2-B840-9EEA56BDFB9A}.Debug|Any CPU.Build.0 = Debug|Any CPU
		{A4CFB7C6-287C-48E2-B840-9EEA56BDFB9A}.Release|Any CPU.ActiveCfg = Release|Any CPU
		{A4CFB7C6-287C-48E2-B840-9EEA56BDFB9A}.Release|Any CPU.Build.0 = Release|Any CPU
		{08E5C6AE-15D3-46C4-B882-E4136E912A4B}.Debug|Any CPU.ActiveCfg = Debug|Any CPU
		{08E5C6AE-15D3-46C4-B882-E4136E912A4B}.Debug|Any CPU.Build.0 = Debug|Any CPU
		{08E5C6AE-15D3-46C4-B882-E4136E912A4B}.Release|Any CPU.ActiveCfg = Release|Any CPU
		{08E5C6AE-15D3-46C4-B882-E4136E912A4B}.Release|Any CPU.Build.0 = Release|Any CPU
		{63E309AB-0C6B-4382-A8EC-0F9734077995}.Debug|Any CPU.ActiveCfg = Debug|Any CPU
		{63E309AB-0C6B-4382-A8EC-0F9734077995}.Debug|Any CPU.Build.0 = Debug|Any CPU
		{63E309AB-0C6B-4382-A8EC-0F9734077995}.Release|Any CPU.ActiveCfg = Release|Any CPU
		{63E309AB-0C6B-4382-A8EC-0F9734077995}.Release|Any CPU.Build.0 = Release|Any CPU
		{BC4AA4FE-F42F-42A2-8143-FE90A437AEC0}.Debug|Any CPU.ActiveCfg = Debug|Any CPU
		{BC4AA4FE-F42F-42A2-8143-FE90A437AEC0}.Debug|Any CPU.Build.0 = Debug|Any CPU
		{BC4AA4FE-F42F-42A2-8143-FE90A437AEC0}.Release|Any CPU.ActiveCfg = Release|Any CPU
		{BC4AA4FE-F42F-42A2-8143-FE90A437AEC0}.Release|Any CPU.Build.0 = Release|Any CPU
	EndGlobalSection
	GlobalSection(SolutionProperties) = preSolution
		HideSolutionNode = FALSE
	EndGlobalSection
	GlobalSection(ExtensibilityGlobals) = postSolution
		SolutionGuid = {A4097A4A-40AB-4C35-B0AA-FC0A5FE4C3B0}
	EndGlobalSection
EndGlobal
